
Microsoft Visual Studio Solution File, Format Version 12.00
# Visual Studio Version 17
VisualStudioVersion = 17.14.36203.30
MinimumVisualStudioVersion = 10.0.40219.1
Project("{FAE04EC0-301F-11D3-BF4B-00C04F79EFBC}") = "ClipboardGuardApp", "ClipboardGuardApp\ClipboardGuardApp.csproj", "{55AE8F8D-A04E-432A-8F7D-29031D221016}"
EndProject
Project("{2150E333-8FDC-42A3-9474-1A3956D46DE8}") = "WIN", "WIN", "{9BE9FB4E-F921-4A45-B2E8-C342EA56298E}"
EndProject
Project("{FAE04EC0-301F-11D3-BF4B-00C04F79EFBC}") = "USER", "USER\USER.csproj", "{4469B38D-8CF4-416C-8D4F-D3A87F1D1067}"
EndProject
Project("{FAE04EC0-301F-11D3-BF4B-00C04F79EFBC}") = "WIN32", "WIN32\WIN32.csproj", "{713477BD-0986-4366-93B8-0FF995AFCF9C}"
EndProject
Project("{2150E333-8FDC-42A3-9474-1A3956D46DE8}") = "WV2", "WV2", "{3465C007-B533-4CC3-9C41-AE6C2D11A591}"
EndProject
Project("{FAE04EC0-301F-11D3-BF4B-00C04F79EFBC}") = "Server.API", "WV2\Server.API\Server.API.csproj", "{267DA4AD-999A-4C73-8A9C-EDFFA1554EE9}"
EndProject
Project("{54A90642-561A-4BB1-A94E-469ADEE60C69}") = "Server.Client", "WV2\Server.Client\Server.Client.esproj", "{8D929260-E433-4082-90CB-8440795E835D}"
EndProject
Project("{FAE04EC0-301F-11D3-BF4B-00C04F79EFBC}") = "Windows.Client", "WV2\Windows.Client\Windows.Client.csproj", "{BF209C8A-F988-4603-B8DC-55559348867B}"
EndProject
Project("{2150E333-8FDC-42A3-9474-1A3956D46DE8}") = "Solution Items", "Solution Items", "{8EC462FD-D22E-90A8-E5CE-7E832BA40C5D}"
	ProjectSection(SolutionItems) = preProject
		.gitignore = .gitignore
		README.md = README.md
		LICENSE = LICENSE
	EndProjectSection
EndProject
Project("{2150E333-8FDC-42A3-9474-1A3956D46DE8}") = "Workflows", "Workflows", "{80E0C5AD-417B-4D4A-BA76-F73E03BAD35B}"
	ProjectSection(SolutionItems) = preProject
		.github\workflows\publish-clipboardguard.yml = .github\workflows\publish-clipboardguard.yml
	EndProjectSection
EndProject
Project("{FAE04EC0-301F-11D3-BF4B-00C04F79EFBC}") = "BuildInfoAnalyzers", "BuildInfoAnalyzers\BuildInfoAnalyzers.csproj", "{67B8B065-3E27-40B5-9BF5-7F0FCA9EF4F5}"
EndProject
Project("{FAE04EC0-301F-11D3-BF4B-00C04F79EFBC}") = "BuildInfoAnalyzers.Tests", "BuildInfoAnalyzers.Tests\BuildInfoAnalyzers.Tests.csproj", "{AFB6B075-CA67-4CCC-97D4-D6ACD72A74B9}"
EndProject
Global
	GlobalSection(SolutionConfigurationPlatforms) = preSolution
		Debug|Any CPU = Debug|Any CPU
		Release|Any CPU = Release|Any CPU
	EndGlobalSection
	GlobalSection(ProjectConfigurationPlatforms) = postSolution
		{4469B38D-8CF4-416C-8D4F-D3A87F1D1067}.Debug|Any CPU.ActiveCfg = Debug|Any CPU
		{4469B38D-8CF4-416C-8D4F-D3A87F1D1067}.Debug|Any CPU.Build.0 = Debug|Any CPU
		{4469B38D-8CF4-416C-8D4F-D3A87F1D1067}.Release|Any CPU.ActiveCfg = Release|Any CPU
		{4469B38D-8CF4-416C-8D4F-D3A87F1D1067}.Release|Any CPU.Build.0 = Release|Any CPU
		{713477BD-0986-4366-93B8-0FF995AFCF9C}.Debug|Any CPU.ActiveCfg = Debug|Any CPU
		{713477BD-0986-4366-93B8-0FF995AFCF9C}.Debug|Any CPU.Build.0 = Debug|Any CPU
		{713477BD-0986-4366-93B8-0FF995AFCF9C}.Release|Any CPU.ActiveCfg = Release|Any CPU
		{713477BD-0986-4366-93B8-0FF995AFCF9C}.Release|Any CPU.Build.0 = Release|Any CPU
		{55AE8F8D-A04E-432A-8F7D-29031D221016}.Debug|Any CPU.ActiveCfg = Debug|Any CPU
		{55AE8F8D-A04E-432A-8F7D-29031D221016}.Debug|Any CPU.Build.0 = Debug|Any CPU
		{55AE8F8D-A04E-432A-8F7D-29031D221016}.Release|Any CPU.ActiveCfg = Release|Any CPU
		{55AE8F8D-A04E-432A-8F7D-29031D221016}.Release|Any CPU.Build.0 = Release|Any CPU
		{267DA4AD-999A-4C73-8A9C-EDFFA1554EE9}.Debug|Any CPU.ActiveCfg = Debug|Any CPU
		{267DA4AD-999A-4C73-8A9C-EDFFA1554EE9}.Debug|Any CPU.Build.0 = Debug|Any CPU
		{267DA4AD-999A-4C73-8A9C-EDFFA1554EE9}.Release|Any CPU.ActiveCfg = Release|Any CPU
		{267DA4AD-999A-4C73-8A9C-EDFFA1554EE9}.Release|Any CPU.Build.0 = Release|Any CPU
		{BF209C8A-F988-4603-B8DC-55559348867B}.Debug|Any CPU.ActiveCfg = Debug|Any CPU
		{BF209C8A-F988-4603-B8DC-55559348867B}.Debug|Any CPU.Build.0 = Debug|Any CPU
		{BF209C8A-F988-4603-B8DC-55559348867B}.Release|Any CPU.ActiveCfg = Release|Any CPU
		{BF209C8A-F988-4603-B8DC-55559348867B}.Release|Any CPU.Build.0 = Release|Any CPU
		{8D929260-E433-4082-90CB-8440795E835D}.Debug|Any CPU.ActiveCfg = Debug|Any CPU
		{8D929260-E433-4082-90CB-8440795E835D}.Debug|Any CPU.Build.0 = Debug|Any CPU
		{8D929260-E433-4082-90CB-8440795E835D}.Release|Any CPU.ActiveCfg = Debug|Any CPU
		{8D929260-E433-4082-90CB-8440795E835D}.Release|Any CPU.Build.0 = Debug|Any CPU
		{67B8B065-3E27-40B5-9BF5-7F0FCA9EF4F5}.Debug|Any CPU.ActiveCfg = Debug|Any CPU
		{67B8B065-3E27-40B5-9BF5-7F0FCA9EF4F5}.Debug|Any CPU.Build.0 = Debug|Any CPU
		{67B8B065-3E27-40B5-9BF5-7F0FCA9EF4F5}.Release|Any CPU.ActiveCfg = Release|Any CPU
		{67B8B065-3E27-40B5-9BF5-7F0FCA9EF4F5}.Release|Any CPU.Build.0 = Release|Any CPU
		{AFB6B075-CA67-4CCC-97D4-D6ACD72A74B9}.Debug|Any CPU.ActiveCfg = Debug|Any CPU
		{AFB6B075-CA67-4CCC-97D4-D6ACD72A74B9}.Debug|Any CPU.Build.0 = Debug|Any CPU
		{AFB6B075-CA67-4CCC-97D4-D6ACD72A74B9}.Release|Any CPU.ActiveCfg = Release|Any CPU
		{AFB6B075-CA67-4CCC-97D4-D6ACD72A74B9}.Release|Any CPU.Build.0 = Release|Any CPU
	EndGlobalSection
	GlobalSection(SolutionProperties) = preSolution
		HideSolutionNode = FALSE
	EndGlobalSection
	GlobalSection(NestedProjects) = preSolution
		{4469B38D-8CF4-416C-8D4F-D3A87F1D1067} = {9BE9FB4E-F921-4A45-B2E8-C342EA56298E}
		{713477BD-0986-4366-93B8-0FF995AFCF9C} = {9BE9FB4E-F921-4A45-B2E8-C342EA56298E}
		{267DA4AD-999A-4C73-8A9C-EDFFA1554EE9} = {3465C007-B533-4CC3-9C41-AE6C2D11A591}
		{BF209C8A-F988-4603-B8DC-55559348867B} = {3465C007-B533-4CC3-9C41-AE6C2D11A591}
		{8D929260-E433-4082-90CB-8440795E835D} = {3465C007-B533-4CC3-9C41-AE6C2D11A591}
		{80E0C5AD-417B-4D4A-BA76-F73E03BAD35B} = {8EC462FD-D22E-90A8-E5CE-7E832BA40C5D}
	EndGlobalSection
	GlobalSection(ExtensibilityGlobals) = postSolution
		SolutionGuid = {8BF95CD5-945E-4E2C-B60A-3A51F30C04AF}
	EndGlobalSection
EndGlobal
